
Microsoft Visual Studio Solution File, Format Version 12.00
# Visual Studio 15
VisualStudioVersion = 15.0.26430.14
MinimumVisualStudioVersion = 10.0.40219.1
Project("{FAE04EC0-301F-11D3-BF4B-00C04F79EFBC}") = "XamarinEssentialsSamples.Android", "XamarinEssentialsSamples\XamarinEssentialsSamples.Android\XamarinEssentialsSamples.Android.csproj", "{A678897F-AB3F-406A-9651-D2587F12EDFB}"
EndProject
Project("{FAE04EC0-301F-11D3-BF4B-00C04F79EFBC}") = "XamarinEssentialsSamples", "XamarinEssentialsSamples\XamarinEssentialsSamples\XamarinEssentialsSamples.csproj", "{DFC8C46A-4BC5-43E5-AE77-2295861C9DD9}"
EndProject
Project("{FAE04EC0-301F-11D3-BF4B-00C04F79EFBC}") = "XamarinEssentialsSamples.UWP", "XamarinEssentialsSamples\XamarinEssentialsSamples.UWP\XamarinEssentialsSamples.UWP.csproj", "{61DAFDB0-E365-42CA-8595-B0A94C0A189E}"
EndProject
Project("{FAE04EC0-301F-11D3-BF4B-00C04F79EFBC}") = "XamarinEssentialsSamples.iOS", "XamarinEssentialsSamples\XamarinEssentialsSamples.iOS\XamarinEssentialsSamples.iOS.csproj", "{907A8970-AE33-49E4-B1DF-AD45DD8C8C8B}"
EndProject
Global
	GlobalSection(SolutionConfigurationPlatforms) = preSolution
		Ad-Hoc|Any CPU = Ad-Hoc|Any CPU
		Ad-Hoc|ARM = Ad-Hoc|ARM
		Ad-Hoc|iPhone = Ad-Hoc|iPhone
		Ad-Hoc|iPhoneSimulator = Ad-Hoc|iPhoneSimulator
		Ad-Hoc|x64 = Ad-Hoc|x64
		Ad-Hoc|x86 = Ad-Hoc|x86
		AppStore|Any CPU = AppStore|Any CPU
		AppStore|ARM = AppStore|ARM
		AppStore|iPhone = AppStore|iPhone
		AppStore|iPhoneSimulator = AppStore|iPhoneSimulator
		AppStore|x64 = AppStore|x64
		AppStore|x86 = AppStore|x86
		Debug|Any CPU = Debug|Any CPU
		Debug|ARM = Debug|ARM
		Debug|iPhone = Debug|iPhone
		Debug|iPhoneSimulator = Debug|iPhoneSimulator
		Debug|x64 = Debug|x64
		Debug|x86 = Debug|x86
		Release|Any CPU = Release|Any CPU
		Release|ARM = Release|ARM
		Release|iPhone = Release|iPhone
		Release|iPhoneSimulator = Release|iPhoneSimulator
		Release|x64 = Release|x64
		Release|x86 = Release|x86
	EndGlobalSection
	GlobalSection(ProjectConfigurationPlatforms) = postSolution
		{A678897F-AB3F-406A-9651-D2587F12EDFB}.Ad-Hoc|Any CPU.ActiveCfg = Release|Any CPU
		{A678897F-AB3F-406A-9651-D2587F12EDFB}.Ad-Hoc|Any CPU.Build.0 = Release|Any CPU
		{A678897F-AB3F-406A-9651-D2587F12EDFB}.Ad-Hoc|Any CPU.Deploy.0 = Release|Any CPU
		{A678897F-AB3F-406A-9651-D2587F12EDFB}.Ad-Hoc|ARM.ActiveCfg = Release|Any CPU
		{A678897F-AB3F-406A-9651-D2587F12EDFB}.Ad-Hoc|ARM.Build.0 = Release|Any CPU
		{A678897F-AB3F-406A-9651-D2587F12EDFB}.Ad-Hoc|ARM.Deploy.0 = Release|Any CPU
		{A678897F-AB3F-406A-9651-D2587F12EDFB}.Ad-Hoc|iPhone.ActiveCfg = Release|Any CPU
		{A678897F-AB3F-406A-9651-D2587F12EDFB}.Ad-Hoc|iPhone.Build.0 = Release|Any CPU
		{A678897F-AB3F-406A-9651-D2587F12EDFB}.Ad-Hoc|iPhone.Deploy.0 = Release|Any CPU
		{A678897F-AB3F-406A-9651-D2587F12EDFB}.Ad-Hoc|iPhoneSimulator.ActiveCfg = Release|Any CPU
		{A678897F-AB3F-406A-9651-D2587F12EDFB}.Ad-Hoc|iPhoneSimulator.Build.0 = Release|Any CPU
		{A678897F-AB3F-406A-9651-D2587F12EDFB}.Ad-Hoc|iPhoneSimulator.Deploy.0 = Release|Any CPU
		{A678897F-AB3F-406A-9651-D2587F12EDFB}.Ad-Hoc|x64.ActiveCfg = Release|Any CPU
		{A678897F-AB3F-406A-9651-D2587F12EDFB}.Ad-Hoc|x64.Build.0 = Release|Any CPU
		{A678897F-AB3F-406A-9651-D2587F12EDFB}.Ad-Hoc|x64.Deploy.0 = Release|Any CPU
		{A678897F-AB3F-406A-9651-D2587F12EDFB}.Ad-Hoc|x86.ActiveCfg = Release|Any CPU
		{A678897F-AB3F-406A-9651-D2587F12EDFB}.Ad-Hoc|x86.Build.0 = Release|Any CPU
		{A678897F-AB3F-406A-9651-D2587F12EDFB}.Ad-Hoc|x86.Deploy.0 = Release|Any CPU
		{A678897F-AB3F-406A-9651-D2587F12EDFB}.AppStore|Any CPU.ActiveCfg = Release|Any CPU
		{A678897F-AB3F-406A-9651-D2587F12EDFB}.AppStore|Any CPU.Build.0 = Release|Any CPU
		{A678897F-AB3F-406A-9651-D2587F12EDFB}.AppStore|Any CPU.Deploy.0 = Release|Any CPU
		{A678897F-AB3F-406A-9651-D2587F12EDFB}.AppStore|ARM.ActiveCfg = Release|Any CPU
		{A678897F-AB3F-406A-9651-D2587F12EDFB}.AppStore|ARM.Build.0 = Release|Any CPU
		{A678897F-AB3F-406A-9651-D2587F12EDFB}.AppStore|ARM.Deploy.0 = Release|Any CPU
		{A678897F-AB3F-406A-9651-D2587F12EDFB}.AppStore|iPhone.ActiveCfg = Release|Any CPU
		{A678897F-AB3F-406A-9651-D2587F12EDFB}.AppStore|iPhone.Build.0 = Release|Any CPU
		{A678897F-AB3F-406A-9651-D2587F12EDFB}.AppStore|iPhone.Deploy.0 = Release|Any CPU
		{A678897F-AB3F-406A-9651-D2587F12EDFB}.AppStore|iPhoneSimulator.ActiveCfg = Release|Any CPU
		{A678897F-AB3F-406A-9651-D2587F12EDFB}.AppStore|iPhoneSimulator.Build.0 = Release|Any CPU
		{A678897F-AB3F-406A-9651-D2587F12EDFB}.AppStore|iPhoneSimulator.Deploy.0 = Release|Any CPU
		{A678897F-AB3F-406A-9651-D2587F12EDFB}.AppStore|x64.ActiveCfg = Release|Any CPU
		{A678897F-AB3F-406A-9651-D2587F12EDFB}.AppStore|x64.Build.0 = Release|Any CPU
		{A678897F-AB3F-406A-9651-D2587F12EDFB}.AppStore|x64.Deploy.0 = Release|Any CPU
		{A678897F-AB3F-406A-9651-D2587F12EDFB}.AppStore|x86.ActiveCfg = Release|Any CPU
		{A678897F-AB3F-406A-9651-D2587F12EDFB}.AppStore|x86.Build.0 = Release|Any CPU
		{A678897F-AB3F-406A-9651-D2587F12EDFB}.AppStore|x86.Deploy.0 = Release|Any CPU
		{A678897F-AB3F-406A-9651-D2587F12EDFB}.Debug|Any CPU.ActiveCfg = Debug|Any CPU
		{A678897F-AB3F-406A-9651-D2587F12EDFB}.Debug|Any CPU.Build.0 = Debug|Any CPU
		{A678897F-AB3F-406A-9651-D2587F12EDFB}.Debug|Any CPU.Deploy.0 = Debug|Any CPU
		{A678897F-AB3F-406A-9651-D2587F12EDFB}.Debug|ARM.ActiveCfg = Debug|Any CPU
		{A678897F-AB3F-406A-9651-D2587F12EDFB}.Debug|ARM.Build.0 = Debug|Any CPU
		{A678897F-AB3F-406A-9651-D2587F12EDFB}.Debug|ARM.Deploy.0 = Debug|Any CPU
		{A678897F-AB3F-406A-9651-D2587F12EDFB}.Debug|iPhone.ActiveCfg = Debug|Any CPU
		{A678897F-AB3F-406A-9651-D2587F12EDFB}.Debug|iPhone.Build.0 = Debug|Any CPU
		{A678897F-AB3F-406A-9651-D2587F12EDFB}.Debug|iPhone.Deploy.0 = Debug|Any CPU
		{A678897F-AB3F-406A-9651-D2587F12EDFB}.Debug|iPhoneSimulator.ActiveCfg = Debug|Any CPU
		{A678897F-AB3F-406A-9651-D2587F12EDFB}.Debug|iPhoneSimulator.Build.0 = Debug|Any CPU
		{A678897F-AB3F-406A-9651-D2587F12EDFB}.Debug|iPhoneSimulator.Deploy.0 = Debug|Any CPU
		{A678897F-AB3F-406A-9651-D2587F12EDFB}.Debug|x64.ActiveCfg = Debug|Any CPU
		{A678897F-AB3F-406A-9651-D2587F12EDFB}.Debug|x64.Build.0 = Debug|Any CPU
		{A678897F-AB3F-406A-9651-D2587F12EDFB}.Debug|x64.Deploy.0 = Debug|Any CPU
		{A678897F-AB3F-406A-9651-D2587F12EDFB}.Debug|x86.ActiveCfg = Debug|Any CPU
		{A678897F-AB3F-406A-9651-D2587F12EDFB}.Debug|x86.Build.0 = Debug|Any CPU
		{A678897F-AB3F-406A-9651-D2587F12EDFB}.Debug|x86.Deploy.0 = Debug|Any CPU
		{A678897F-AB3F-406A-9651-D2587F12EDFB}.Release|Any CPU.ActiveCfg = Release|Any CPU
		{A678897F-AB3F-406A-9651-D2587F12EDFB}.Release|Any CPU.Build.0 = Release|Any CPU
		{A678897F-AB3F-406A-9651-D2587F12EDFB}.Release|Any CPU.Deploy.0 = Release|Any CPU
		{A678897F-AB3F-406A-9651-D2587F12EDFB}.Release|ARM.ActiveCfg = Release|Any CPU
		{A678897F-AB3F-406A-9651-D2587F12EDFB}.Release|ARM.Build.0 = Release|Any CPU
		{A678897F-AB3F-406A-9651-D2587F12EDFB}.Release|ARM.Deploy.0 = Release|Any CPU
		{A678897F-AB3F-406A-9651-D2587F12EDFB}.Release|iPhone.ActiveCfg = Release|Any CPU
		{A678897F-AB3F-406A-9651-D2587F12EDFB}.Release|iPhone.Build.0 = Release|Any CPU
		{A678897F-AB3F-406A-9651-D2587F12EDFB}.Release|iPhone.Deploy.0 = Release|Any CPU
		{A678897F-AB3F-406A-9651-D2587F12EDFB}.Release|iPhoneSimulator.ActiveCfg = Release|Any CPU
		{A678897F-AB3F-406A-9651-D2587F12EDFB}.Release|iPhoneSimulator.Build.0 = Release|Any CPU
		{A678897F-AB3F-406A-9651-D2587F12EDFB}.Release|iPhoneSimulator.Deploy.0 = Release|Any CPU
		{A678897F-AB3F-406A-9651-D2587F12EDFB}.Release|x64.ActiveCfg = Release|Any CPU
		{A678897F-AB3F-406A-9651-D2587F12EDFB}.Release|x64.Build.0 = Release|Any CPU
		{A678897F-AB3F-406A-9651-D2587F12EDFB}.Release|x64.Deploy.0 = Release|Any CPU
		{A678897F-AB3F-406A-9651-D2587F12EDFB}.Release|x86.ActiveCfg = Release|Any CPU
		{A678897F-AB3F-406A-9651-D2587F12EDFB}.Release|x86.Build.0 = Release|Any CPU
		{A678897F-AB3F-406A-9651-D2587F12EDFB}.Release|x86.Deploy.0 = Release|Any CPU
		{DFC8C46A-4BC5-43E5-AE77-2295861C9DD9}.Ad-Hoc|Any CPU.ActiveCfg = Release|Any CPU
		{DFC8C46A-4BC5-43E5-AE77-2295861C9DD9}.Ad-Hoc|Any CPU.Build.0 = Release|Any CPU
		{DFC8C46A-4BC5-43E5-AE77-2295861C9DD9}.Ad-Hoc|ARM.ActiveCfg = Release|Any CPU
		{DFC8C46A-4BC5-43E5-AE77-2295861C9DD9}.Ad-Hoc|ARM.Build.0 = Release|Any CPU
		{DFC8C46A-4BC5-43E5-AE77-2295861C9DD9}.Ad-Hoc|iPhone.ActiveCfg = Release|Any CPU
		{DFC8C46A-4BC5-43E5-AE77-2295861C9DD9}.Ad-Hoc|iPhone.Build.0 = Release|Any CPU
		{DFC8C46A-4BC5-43E5-AE77-2295861C9DD9}.Ad-Hoc|iPhoneSimulator.ActiveCfg = Release|Any CPU
		{DFC8C46A-4BC5-43E5-AE77-2295861C9DD9}.Ad-Hoc|iPhoneSimulator.Build.0 = Release|Any CPU
		{DFC8C46A-4BC5-43E5-AE77-2295861C9DD9}.Ad-Hoc|x64.ActiveCfg = Release|Any CPU
		{DFC8C46A-4BC5-43E5-AE77-2295861C9DD9}.Ad-Hoc|x64.Build.0 = Release|Any CPU
		{DFC8C46A-4BC5-43E5-AE77-2295861C9DD9}.Ad-Hoc|x86.ActiveCfg = Release|Any CPU
		{DFC8C46A-4BC5-43E5-AE77-2295861C9DD9}.Ad-Hoc|x86.Build.0 = Release|Any CPU
		{DFC8C46A-4BC5-43E5-AE77-2295861C9DD9}.AppStore|Any CPU.ActiveCfg = Release|Any CPU
		{DFC8C46A-4BC5-43E5-AE77-2295861C9DD9}.AppStore|Any CPU.Build.0 = Release|Any CPU
		{DFC8C46A-4BC5-43E5-AE77-2295861C9DD9}.AppStore|ARM.ActiveCfg = Release|Any CPU
		{DFC8C46A-4BC5-43E5-AE77-2295861C9DD9}.AppStore|ARM.Build.0 = Release|Any CPU
		{DFC8C46A-4BC5-43E5-AE77-2295861C9DD9}.AppStore|iPhone.ActiveCfg = Release|Any CPU
		{DFC8C46A-4BC5-43E5-AE77-2295861C9DD9}.AppStore|iPhone.Build.0 = Release|Any CPU
		{DFC8C46A-4BC5-43E5-AE77-2295861C9DD9}.AppStore|iPhoneSimulator.ActiveCfg = Release|Any CPU
		{DFC8C46A-4BC5-43E5-AE77-2295861C9DD9}.AppStore|iPhoneSimulator.Build.0 = Release|Any CPU
		{DFC8C46A-4BC5-43E5-AE77-2295861C9DD9}.AppStore|x64.ActiveCfg = Release|Any CPU
		{DFC8C46A-4BC5-43E5-AE77-2295861C9DD9}.AppStore|x64.Build.0 = Release|Any CPU
		{DFC8C46A-4BC5-43E5-AE77-2295861C9DD9}.AppStore|x86.ActiveCfg = Release|Any CPU
		{DFC8C46A-4BC5-43E5-AE77-2295861C9DD9}.AppStore|x86.Build.0 = Release|Any CPU
		{DFC8C46A-4BC5-43E5-AE77-2295861C9DD9}.Debug|Any CPU.ActiveCfg = Debug|Any CPU
		{DFC8C46A-4BC5-43E5-AE77-2295861C9DD9}.Debug|Any CPU.Build.0 = Debug|Any CPU
		{DFC8C46A-4BC5-43E5-AE77-2295861C9DD9}.Debug|ARM.ActiveCfg = Debug|Any CPU
		{DFC8C46A-4BC5-43E5-AE77-2295861C9DD9}.Debug|ARM.Build.0 = Debug|Any CPU
		{DFC8C46A-4BC5-43E5-AE77-2295861C9DD9}.Debug|iPhone.ActiveCfg = Debug|Any CPU
		{DFC8C46A-4BC5-43E5-AE77-2295861C9DD9}.Debug|iPhone.Build.0 = Debug|Any CPU
		{DFC8C46A-4BC5-43E5-AE77-2295861C9DD9}.Debug|iPhoneSimulator.ActiveCfg = Debug|Any CPU
		{DFC8C46A-4BC5-43E5-AE77-2295861C9DD9}.Debug|iPhoneSimulator.Build.0 = Debug|Any CPU
		{DFC8C46A-4BC5-43E5-AE77-2295861C9DD9}.Debug|x64.ActiveCfg = Debug|Any CPU
		{DFC8C46A-4BC5-43E5-AE77-2295861C9DD9}.Debug|x64.Build.0 = Debug|Any CPU
		{DFC8C46A-4BC5-43E5-AE77-2295861C9DD9}.Debug|x86.ActiveCfg = Debug|Any CPU
		{DFC8C46A-4BC5-43E5-AE77-2295861C9DD9}.Debug|x86.Build.0 = Debug|Any CPU
		{DFC8C46A-4BC5-43E5-AE77-2295861C9DD9}.Release|Any CPU.ActiveCfg = Release|Any CPU
		{DFC8C46A-4BC5-43E5-AE77-2295861C9DD9}.Release|Any CPU.Build.0 = Release|Any CPU
		{DFC8C46A-4BC5-43E5-AE77-2295861C9DD9}.Release|ARM.ActiveCfg = Release|Any CPU
		{DFC8C46A-4BC5-43E5-AE77-2295861C9DD9}.Release|ARM.Build.0 = Release|Any CPU
		{DFC8C46A-4BC5-43E5-AE77-2295861C9DD9}.Release|iPhone.ActiveCfg = Release|Any CPU
		{DFC8C46A-4BC5-43E5-AE77-2295861C9DD9}.Release|iPhone.Build.0 = Release|Any CPU
		{DFC8C46A-4BC5-43E5-AE77-2295861C9DD9}.Release|iPhoneSimulator.ActiveCfg = Release|Any CPU
		{DFC8C46A-4BC5-43E5-AE77-2295861C9DD9}.Release|iPhoneSimulator.Build.0 = Release|Any CPU
		{DFC8C46A-4BC5-43E5-AE77-2295861C9DD9}.Release|x64.ActiveCfg = Release|Any CPU
		{DFC8C46A-4BC5-43E5-AE77-2295861C9DD9}.Release|x64.Build.0 = Release|Any CPU
		{DFC8C46A-4BC5-43E5-AE77-2295861C9DD9}.Release|x86.ActiveCfg = Release|Any CPU
		{DFC8C46A-4BC5-43E5-AE77-2295861C9DD9}.Release|x86.Build.0 = Release|Any CPU
		{61DAFDB0-E365-42CA-8595-B0A94C0A189E}.Ad-Hoc|Any CPU.ActiveCfg = Release|x86
		{61DAFDB0-E365-42CA-8595-B0A94C0A189E}.Ad-Hoc|Any CPU.Build.0 = Release|x86
		{61DAFDB0-E365-42CA-8595-B0A94C0A189E}.Ad-Hoc|Any CPU.Deploy.0 = Release|x86
		{61DAFDB0-E365-42CA-8595-B0A94C0A189E}.Ad-Hoc|ARM.ActiveCfg = Release|ARM
		{61DAFDB0-E365-42CA-8595-B0A94C0A189E}.Ad-Hoc|ARM.Build.0 = Release|ARM
		{61DAFDB0-E365-42CA-8595-B0A94C0A189E}.Ad-Hoc|ARM.Deploy.0 = Release|ARM
		{61DAFDB0-E365-42CA-8595-B0A94C0A189E}.Ad-Hoc|iPhone.ActiveCfg = Release|x86
		{61DAFDB0-E365-42CA-8595-B0A94C0A189E}.Ad-Hoc|iPhone.Build.0 = Release|x86
		{61DAFDB0-E365-42CA-8595-B0A94C0A189E}.Ad-Hoc|iPhone.Deploy.0 = Release|x86
		{61DAFDB0-E365-42CA-8595-B0A94C0A189E}.Ad-Hoc|iPhoneSimulator.ActiveCfg = Release|x86
		{61DAFDB0-E365-42CA-8595-B0A94C0A189E}.Ad-Hoc|iPhoneSimulator.Build.0 = Release|x86
		{61DAFDB0-E365-42CA-8595-B0A94C0A189E}.Ad-Hoc|iPhoneSimulator.Deploy.0 = Release|x86
		{61DAFDB0-E365-42CA-8595-B0A94C0A189E}.Ad-Hoc|x64.ActiveCfg = Release|x64
		{61DAFDB0-E365-42CA-8595-B0A94C0A189E}.Ad-Hoc|x64.Build.0 = Release|x64
		{61DAFDB0-E365-42CA-8595-B0A94C0A189E}.Ad-Hoc|x64.Deploy.0 = Release|x64
		{61DAFDB0-E365-42CA-8595-B0A94C0A189E}.Ad-Hoc|x86.ActiveCfg = Release|x86
		{61DAFDB0-E365-42CA-8595-B0A94C0A189E}.Ad-Hoc|x86.Build.0 = Release|x86
		{61DAFDB0-E365-42CA-8595-B0A94C0A189E}.Ad-Hoc|x86.Deploy.0 = Release|x86
		{61DAFDB0-E365-42CA-8595-B0A94C0A189E}.AppStore|Any CPU.ActiveCfg = Release|x86
		{61DAFDB0-E365-42CA-8595-B0A94C0A189E}.AppStore|Any CPU.Build.0 = Release|x86
		{61DAFDB0-E365-42CA-8595-B0A94C0A189E}.AppStore|Any CPU.Deploy.0 = Release|x86
		{61DAFDB0-E365-42CA-8595-B0A94C0A189E}.AppStore|ARM.ActiveCfg = Release|ARM
		{61DAFDB0-E365-42CA-8595-B0A94C0A189E}.AppStore|ARM.Build.0 = Release|ARM
		{61DAFDB0-E365-42CA-8595-B0A94C0A189E}.AppStore|ARM.Deploy.0 = Release|ARM
		{61DAFDB0-E365-42CA-8595-B0A94C0A189E}.AppStore|iPhone.ActiveCfg = Release|x86
		{61DAFDB0-E365-42CA-8595-B0A94C0A189E}.AppStore|iPhone.Build.0 = Release|x86
		{61DAFDB0-E365-42CA-8595-B0A94C0A189E}.AppStore|iPhone.Deploy.0 = Release|x86
		{61DAFDB0-E365-42CA-8595-B0A94C0A189E}.AppStore|iPhoneSimulator.ActiveCfg = Release|x86
		{61DAFDB0-E365-42CA-8595-B0A94C0A189E}.AppStore|iPhoneSimulator.Build.0 = Release|x86
		{61DAFDB0-E365-42CA-8595-B0A94C0A189E}.AppStore|iPhoneSimulator.Deploy.0 = Release|x86
		{61DAFDB0-E365-42CA-8595-B0A94C0A189E}.AppStore|x64.ActiveCfg = Release|x64
		{61DAFDB0-E365-42CA-8595-B0A94C0A189E}.AppStore|x64.Build.0 = Release|x64
		{61DAFDB0-E365-42CA-8595-B0A94C0A189E}.AppStore|x64.Deploy.0 = Release|x64
		{61DAFDB0-E365-42CA-8595-B0A94C0A189E}.AppStore|x86.ActiveCfg = Release|x86
		{61DAFDB0-E365-42CA-8595-B0A94C0A189E}.AppStore|x86.Build.0 = Release|x86
		{61DAFDB0-E365-42CA-8595-B0A94C0A189E}.AppStore|x86.Deploy.0 = Release|x86
		{61DAFDB0-E365-42CA-8595-B0A94C0A189E}.Debug|Any CPU.ActiveCfg = Debug|x86
		{61DAFDB0-E365-42CA-8595-B0A94C0A189E}.Debug|ARM.ActiveCfg = Debug|ARM
		{61DAFDB0-E365-42CA-8595-B0A94C0A189E}.Debug|ARM.Build.0 = Debug|ARM
		{61DAFDB0-E365-42CA-8595-B0A94C0A189E}.Debug|ARM.Deploy.0 = Debug|ARM
		{61DAFDB0-E365-42CA-8595-B0A94C0A189E}.Debug|iPhone.ActiveCfg = Debug|x86
		{61DAFDB0-E365-42CA-8595-B0A94C0A189E}.Debug|iPhoneSimulator.ActiveCfg = Debug|x86
		{61DAFDB0-E365-42CA-8595-B0A94C0A189E}.Debug|x64.ActiveCfg = Debug|x64
		{61DAFDB0-E365-42CA-8595-B0A94C0A189E}.Debug|x64.Build.0 = Debug|x64
		{61DAFDB0-E365-42CA-8595-B0A94C0A189E}.Debug|x64.Deploy.0 = Debug|x64
		{61DAFDB0-E365-42CA-8595-B0A94C0A189E}.Debug|x86.ActiveCfg = Debug|x86
		{61DAFDB0-E365-42CA-8595-B0A94C0A189E}.Debug|x86.Build.0 = Debug|x86
		{61DAFDB0-E365-42CA-8595-B0A94C0A189E}.Debug|x86.Deploy.0 = Debug|x86
		{61DAFDB0-E365-42CA-8595-B0A94C0A189E}.Release|Any CPU.ActiveCfg = Release|x86
		{61DAFDB0-E365-42CA-8595-B0A94C0A189E}.Release|ARM.ActiveCfg = Release|ARM
		{61DAFDB0-E365-42CA-8595-B0A94C0A189E}.Release|ARM.Build.0 = Release|ARM
		{61DAFDB0-E365-42CA-8595-B0A94C0A189E}.Release|ARM.Deploy.0 = Release|ARM
		{61DAFDB0-E365-42CA-8595-B0A94C0A189E}.Release|iPhone.ActiveCfg = Release|x86
		{61DAFDB0-E365-42CA-8595-B0A94C0A189E}.Release|iPhoneSimulator.ActiveCfg = Release|x86
		{61DAFDB0-E365-42CA-8595-B0A94C0A189E}.Release|x64.ActiveCfg = Release|x64
		{61DAFDB0-E365-42CA-8595-B0A94C0A189E}.Release|x64.Build.0 = Release|x64
		{61DAFDB0-E365-42CA-8595-B0A94C0A189E}.Release|x64.Deploy.0 = Release|x64
		{61DAFDB0-E365-42CA-8595-B0A94C0A189E}.Release|x86.ActiveCfg = Release|x86
		{61DAFDB0-E365-42CA-8595-B0A94C0A189E}.Release|x86.Build.0 = Release|x86
		{61DAFDB0-E365-42CA-8595-B0A94C0A189E}.Release|x86.Deploy.0 = Release|x86
		{907A8970-AE33-49E4-B1DF-AD45DD8C8C8B}.Ad-Hoc|Any CPU.ActiveCfg = Ad-Hoc|iPhone
		{907A8970-AE33-49E4-B1DF-AD45DD8C8C8B}.Ad-Hoc|ARM.ActiveCfg = Ad-Hoc|iPhone
		{907A8970-AE33-49E4-B1DF-AD45DD8C8C8B}.Ad-Hoc|iPhone.ActiveCfg = Ad-Hoc|iPhone
		{907A8970-AE33-49E4-B1DF-AD45DD8C8C8B}.Ad-Hoc|iPhone.Build.0 = Ad-Hoc|iPhone
		{907A8970-AE33-49E4-B1DF-AD45DD8C8C8B}.Ad-Hoc|iPhoneSimulator.ActiveCfg = Ad-Hoc|iPhoneSimulator
		{907A8970-AE33-49E4-B1DF-AD45DD8C8C8B}.Ad-Hoc|iPhoneSimulator.Build.0 = Ad-Hoc|iPhoneSimulator
		{907A8970-AE33-49E4-B1DF-AD45DD8C8C8B}.Ad-Hoc|x64.ActiveCfg = Ad-Hoc|iPhone
		{907A8970-AE33-49E4-B1DF-AD45DD8C8C8B}.Ad-Hoc|x86.ActiveCfg = Ad-Hoc|iPhone
		{907A8970-AE33-49E4-B1DF-AD45DD8C8C8B}.AppStore|Any CPU.ActiveCfg = AppStore|iPhone
		{907A8970-AE33-49E4-B1DF-AD45DD8C8C8B}.AppStore|ARM.ActiveCfg = AppStore|iPhone
		{907A8970-AE33-49E4-B1DF-AD45DD8C8C8B}.AppStore|iPhone.ActiveCfg = AppStore|iPhone
		{907A8970-AE33-49E4-B1DF-AD45DD8C8C8B}.AppStore|iPhone.Build.0 = AppStore|iPhone
		{907A8970-AE33-49E4-B1DF-AD45DD8C8C8B}.AppStore|iPhoneSimulator.ActiveCfg = AppStore|iPhoneSimulator
		{907A8970-AE33-49E4-B1DF-AD45DD8C8C8B}.AppStore|iPhoneSimulator.Build.0 = AppStore|iPhoneSimulator
		{907A8970-AE33-49E4-B1DF-AD45DD8C8C8B}.AppStore|x64.ActiveCfg = AppStore|iPhone
		{907A8970-AE33-49E4-B1DF-AD45DD8C8C8B}.AppStore|x86.ActiveCfg = AppStore|iPhone
		{907A8970-AE33-49E4-B1DF-AD45DD8C8C8B}.Debug|Any CPU.ActiveCfg = Debug|iPhone
		{907A8970-AE33-49E4-B1DF-AD45DD8C8C8B}.Debug|ARM.ActiveCfg = Debug|iPhone
		{907A8970-AE33-49E4-B1DF-AD45DD8C8C8B}.Debug|iPhone.ActiveCfg = Debug|iPhone
		{907A8970-AE33-49E4-B1DF-AD45DD8C8C8B}.Debug|iPhone.Build.0 = Debug|iPhone
		{907A8970-AE33-49E4-B1DF-AD45DD8C8C8B}.Debug|iPhoneSimulator.ActiveCfg = Debug|iPhoneSimulator
		{907A8970-AE33-49E4-B1DF-AD45DD8C8C8B}.Debug|iPhoneSimulator.Build.0 = Debug|iPhoneSimulator
		{907A8970-AE33-49E4-B1DF-AD45DD8C8C8B}.Debug|x64.ActiveCfg = Debug|iPhone
		{907A8970-AE33-49E4-B1DF-AD45DD8C8C8B}.Debug|x86.ActiveCfg = Debug|iPhone
		{907A8970-AE33-49E4-B1DF-AD45DD8C8C8B}.Release|Any CPU.ActiveCfg = Release|iPhone
		{907A8970-AE33-49E4-B1DF-AD45DD8C8C8B}.Release|ARM.ActiveCfg = Release|iPhone
		{907A8970-AE33-49E4-B1DF-AD45DD8C8C8B}.Release|iPhone.ActiveCfg = Release|iPhone
		{907A8970-AE33-49E4-B1DF-AD45DD8C8C8B}.Release|iPhone.Build.0 = Release|iPhone
		{907A8970-AE33-49E4-B1DF-AD45DD8C8C8B}.Release|iPhoneSimulator.ActiveCfg = Release|iPhoneSimulator
		{907A8970-AE33-49E4-B1DF-AD45DD8C8C8B}.Release|iPhoneSimulator.Build.0 = Release|iPhoneSimulator
		{907A8970-AE33-49E4-B1DF-AD45DD8C8C8B}.Release|x64.ActiveCfg = Release|iPhone
		{907A8970-AE33-49E4-B1DF-AD45DD8C8C8B}.Release|x86.ActiveCfg = Release|iPhone
	EndGlobalSection
	GlobalSection(SolutionProperties) = preSolution
		HideSolutionNode = FALSE
	EndGlobalSection
EndGlobal
